// !$*UTF8*$!
{
	archiveVersion = 1;
	classes = {
	};
	objectVersion = 55;
	objects = {

/* Begin PBXBuildFile section */
		BC6A76E8289EC9AE00E0AD8D /* AppDelegate.swift in Sources */ = {isa = PBXBuildFile; fileRef = BC6A76E7289EC9AE00E0AD8D /* AppDelegate.swift */; };
		BC6A76EA289EC9AE00E0AD8D /* SceneDelegate.swift in Sources */ = {isa = PBXBuildFile; fileRef = BC6A76E9289EC9AE00E0AD8D /* SceneDelegate.swift */; };
		BC6A76EC289EC9AF00E0AD8D /* ViewController.swift in Sources */ = {isa = PBXBuildFile; fileRef = BC6A76EB289EC9AF00E0AD8D /* ViewController.swift */; };
		BC6A76EF289EC9AF00E0AD8D /* Main.storyboard in Resources */ = {isa = PBXBuildFile; fileRef = BC6A76ED289EC9AF00E0AD8D /* Main.storyboard */; };
		BC6A76F1289EC9B100E0AD8D /* Assets.xcassets in Resources */ = {isa = PBXBuildFile; fileRef = BC6A76F0289EC9B100E0AD8D /* Assets.xcassets */; };
		BC6A76F4289EC9B100E0AD8D /* LaunchScreen.storyboard in Resources */ = {isa = PBXBuildFile; fileRef = BC6A76F2289EC9B100E0AD8D /* LaunchScreen.storyboard */; };
		BC6A76FF289EC9B100E0AD8D /* Mock_DepIncjectionTests.swift in Sources */ = {isa = PBXBuildFile; fileRef = BC6A76FE289EC9B100E0AD8D /* Mock_DepIncjectionTests.swift */; };
		BC6A7709289EC9B100E0AD8D /* Mock_DepIncjectionUITests.swift in Sources */ = {isa = PBXBuildFile; fileRef = BC6A7708289EC9B100E0AD8D /* Mock_DepIncjectionUITests.swift */; };
		BC6A770B289EC9B100E0AD8D /* Mock_DepIncjectionUITestsLaunchTests.swift in Sources */ = {isa = PBXBuildFile; fileRef = BC6A770A289EC9B100E0AD8D /* Mock_DepIncjectionUITestsLaunchTests.swift */; };
/* End PBXBuildFile section */

/* Begin PBXContainerItemProxy section */
		BC6A76FB289EC9B100E0AD8D /* PBXContainerItemProxy */ = {
			isa = PBXContainerItemProxy;
			containerPortal = BC6A76DC289EC9AE00E0AD8D /* Project object */;
			proxyType = 1;
			remoteGlobalIDString = BC6A76E3289EC9AE00E0AD8D;
			remoteInfo = Mock_DepIncjection;
		};
		BC6A7705289EC9B100E0AD8D /* PBXContainerItemProxy */ = {
			isa = PBXContainerItemProxy;
			containerPortal = BC6A76DC289EC9AE00E0AD8D /* Project object */;
			proxyType = 1;
			remoteGlobalIDString = BC6A76E3289EC9AE00E0AD8D;
			remoteInfo = Mock_DepIncjection;
		};
/* End PBXContainerItemProxy section */

/* Begin PBXFileReference section */
		BC6A76E4289EC9AE00E0AD8D /* Mock_DepIncjection.app */ = {isa = PBXFileReference; explicitFileType = wrapper.application; includeInIndex = 0; path = Mock_DepIncjection.app; sourceTree = BUILT_PRODUCTS_DIR; };
		BC6A76E7289EC9AE00E0AD8D /* AppDelegate.swift */ = {isa = PBXFileReference; lastKnownFileType = sourcecode.swift; path = AppDelegate.swift; sourceTree = "<group>"; };
		BC6A76E9289EC9AE00E0AD8D /* SceneDelegate.swift */ = {isa = PBXFileReference; lastKnownFileType = sourcecode.swift; path = SceneDelegate.swift; sourceTree = "<group>"; };
		BC6A76EB289EC9AF00E0AD8D /* ViewController.swift */ = {isa = PBXFileReference; lastKnownFileType = sourcecode.swift; path = ViewController.swift; sourceTree = "<group>"; };
		BC6A76EE289EC9AF00E0AD8D /* Base */ = {isa = PBXFileReference; lastKnownFileType = file.storyboard; name = Base; path = Base.lproj/Main.storyboard; sourceTree = "<group>"; };
		BC6A76F0289EC9B100E0AD8D /* Assets.xcassets */ = {isa = PBXFileReference; lastKnownFileType = folder.assetcatalog; path = Assets.xcassets; sourceTree = "<group>"; };
		BC6A76F3289EC9B100E0AD8D /* Base */ = {isa = PBXFileReference; lastKnownFileType = file.storyboard; name = Base; path = Base.lproj/LaunchScreen.storyboard; sourceTree = "<group>"; };
		BC6A76F5289EC9B100E0AD8D /* Info.plist */ = {isa = PBXFileReference; lastKnownFileType = text.plist.xml; path = Info.plist; sourceTree = "<group>"; };
		BC6A76FA289EC9B100E0AD8D /* Mock_DepIncjectionTests.xctest */ = {isa = PBXFileReference; explicitFileType = wrapper.cfbundle; includeInIndex = 0; path = Mock_DepIncjectionTests.xctest; sourceTree = BUILT_PRODUCTS_DIR; };
		BC6A76FE289EC9B100E0AD8D /* Mock_DepIncjectionTests.swift */ = {isa = PBXFileReference; lastKnownFileType = sourcecode.swift; path = Mock_DepIncjectionTests.swift; sourceTree = "<group>"; };
		BC6A7704289EC9B100E0AD8D /* Mock_DepIncjectionUITests.xctest */ = {isa = PBXFileReference; explicitFileType = wrapper.cfbundle; includeInIndex = 0; path = Mock_DepIncjectionUITests.xctest; sourceTree = BUILT_PRODUCTS_DIR; };
		BC6A7708289EC9B100E0AD8D /* Mock_DepIncjectionUITests.swift */ = {isa = PBXFileReference; lastKnownFileType = sourcecode.swift; path = Mock_DepIncjectionUITests.swift; sourceTree = "<group>"; };
		BC6A770A289EC9B100E0AD8D /* Mock_DepIncjectionUITestsLaunchTests.swift */ = {isa = PBXFileReference; lastKnownFileType = sourcecode.swift; path = Mock_DepIncjectionUITestsLaunchTests.swift; sourceTree = "<group>"; };
/* End PBXFileReference section */

/* Begin PBXFrameworksBuildPhase section */
		BC6A76E1289EC9AE00E0AD8D /* Frameworks */ = {
			isa = PBXFrameworksBuildPhase;
			buildActionMask = 2147483647;
			files = (
			);
			runOnlyForDeploymentPostprocessing = 0;
		};
		BC6A76F7289EC9B100E0AD8D /* Frameworks */ = {
			isa = PBXFrameworksBuildPhase;
			buildActionMask = 2147483647;
			files = (
			);
			runOnlyForDeploymentPostprocessing = 0;
		};
		BC6A7701289EC9B100E0AD8D /* Frameworks */ = {
			isa = PBXFrameworksBuildPhase;
			buildActionMask = 2147483647;
			files = (
			);
			runOnlyForDeploymentPostprocessing = 0;
		};
/* End PBXFrameworksBuildPhase section */

/* Begin PBXGroup section */
		BC6A76DB289EC9AE00E0AD8D = {
			isa = PBXGroup;
			children = (
				BC6A76E6289EC9AE00E0AD8D /* Mock_DepIncjection */,
				BC6A76FD289EC9B100E0AD8D /* Mock_DepIncjectionTests */,
				BC6A7707289EC9B100E0AD8D /* Mock_DepIncjectionUITests */,
				BC6A76E5289EC9AE00E0AD8D /* Products */,
			);
			sourceTree = "<group>";
		};
		BC6A76E5289EC9AE00E0AD8D /* Products */ = {
			isa = PBXGroup;
			children = (
				BC6A76E4289EC9AE00E0AD8D /* Mock_DepIncjection.app */,
				BC6A76FA289EC9B100E0AD8D /* Mock_DepIncjectionTests.xctest */,
				BC6A7704289EC9B100E0AD8D /* Mock_DepIncjectionUITests.xctest */,
			);
			name = Products;
			sourceTree = "<group>";
		};
		BC6A76E6289EC9AE00E0AD8D /* Mock_DepIncjection */ = {
			isa = PBXGroup;
			children = (
				BC6A76E7289EC9AE00E0AD8D /* AppDelegate.swift */,
				BC6A76E9289EC9AE00E0AD8D /* SceneDelegate.swift */,
				BC6A76EB289EC9AF00E0AD8D /* ViewController.swift */,
				BC6A76ED289EC9AF00E0AD8D /* Main.storyboard */,
				BC6A76F0289EC9B100E0AD8D /* Assets.xcassets */,
				BC6A76F2289EC9B100E0AD8D /* LaunchScreen.storyboard */,
				BC6A76F5289EC9B100E0AD8D /* Info.plist */,
			);
			path = Mock_DepIncjection;
			sourceTree = "<group>";
		};
		BC6A76FD289EC9B100E0AD8D /* Mock_DepIncjectionTests */ = {
			isa = PBXGroup;
			children = (
				BC6A76FE289EC9B100E0AD8D /* Mock_DepIncjectionTests.swift */,
			);
			path = Mock_DepIncjectionTests;
			sourceTree = "<group>";
		};
		BC6A7707289EC9B100E0AD8D /* Mock_DepIncjectionUITests */ = {
			isa = PBXGroup;
			children = (
				BC6A7708289EC9B100E0AD8D /* Mock_DepIncjectionUITests.swift */,
				BC6A770A289EC9B100E0AD8D /* Mock_DepIncjectionUITestsLaunchTests.swift */,
			);
			path = Mock_DepIncjectionUITests;
			sourceTree = "<group>";
		};
/* End PBXGroup section */

/* Begin PBXNativeTarget section */
		BC6A76E3289EC9AE00E0AD8D /* Mock_DepIncjection */ = {
			isa = PBXNativeTarget;
			buildConfigurationList = BC6A770E289EC9B100E0AD8D /* Build configuration list for PBXNativeTarget "Mock_DepIncjection" */;
			buildPhases = (
				BC6A76E0289EC9AE00E0AD8D /* Sources */,
				BC6A76E1289EC9AE00E0AD8D /* Frameworks */,
				BC6A76E2289EC9AE00E0AD8D /* Resources */,
			);
			buildRules = (
			);
			dependencies = (
			);
			name = Mock_DepIncjection;
			productName = Mock_DepIncjection;
			productReference = BC6A76E4289EC9AE00E0AD8D /* Mock_DepIncjection.app */;
			productType = "com.apple.product-type.application";
		};
		BC6A76F9289EC9B100E0AD8D /* Mock_DepIncjectionTests */ = {
			isa = PBXNativeTarget;
			buildConfigurationList = BC6A7711289EC9B100E0AD8D /* Build configuration list for PBXNativeTarget "Mock_DepIncjectionTests" */;
			buildPhases = (
				BC6A76F6289EC9B100E0AD8D /* Sources */,
				BC6A76F7289EC9B100E0AD8D /* Frameworks */,
				BC6A76F8289EC9B100E0AD8D /* Resources */,
			);
			buildRules = (
			);
			dependencies = (
				BC6A76FC289EC9B100E0AD8D /* PBXTargetDependency */,
			);
			name = Mock_DepIncjectionTests;
			productName = Mock_DepIncjectionTests;
			productReference = BC6A76FA289EC9B100E0AD8D /* Mock_DepIncjectionTests.xctest */;
			productType = "com.apple.product-type.bundle.unit-test";
		};
		BC6A7703289EC9B100E0AD8D /* Mock_DepIncjectionUITests */ = {
			isa = PBXNativeTarget;
			buildConfigurationList = BC6A7714289EC9B100E0AD8D /* Build configuration list for PBXNativeTarget "Mock_DepIncjectionUITests" */;
			buildPhases = (
				BC6A7700289EC9B100E0AD8D /* Sources */,
				BC6A7701289EC9B100E0AD8D /* Frameworks */,
				BC6A7702289EC9B100E0AD8D /* Resources */,
			);
			buildRules = (
			);
			dependencies = (
				BC6A7706289EC9B100E0AD8D /* PBXTargetDependency */,
			);
			name = Mock_DepIncjectionUITests;
			productName = Mock_DepIncjectionUITests;
			productReference = BC6A7704289EC9B100E0AD8D /* Mock_DepIncjectionUITests.xctest */;
			productType = "com.apple.product-type.bundle.ui-testing";
		};
/* End PBXNativeTarget section */

/* Begin PBXProject section */
		BC6A76DC289EC9AE00E0AD8D /* Project object */ = {
			isa = PBXProject;
			attributes = {
				BuildIndependentTargetsInParallel = 1;
				LastSwiftUpdateCheck = 1340;
				LastUpgradeCheck = 1340;
				TargetAttributes = {
					BC6A76E3289EC9AE00E0AD8D = {
						CreatedOnToolsVersion = 13.4.1;
					};
					BC6A76F9289EC9B100E0AD8D = {
						CreatedOnToolsVersion = 13.4.1;
						TestTargetID = BC6A76E3289EC9AE00E0AD8D;
					};
					BC6A7703289EC9B100E0AD8D = {
						CreatedOnToolsVersion = 13.4.1;
						TestTargetID = BC6A76E3289EC9AE00E0AD8D;
					};
				};
			};
			buildConfigurationList = BC6A76DF289EC9AE00E0AD8D /* Build configuration list for PBXProject "Mock_DepIncjection" */;
			compatibilityVersion = "Xcode 13.0";
			developmentRegion = en;
			hasScannedForEncodings = 0;
			knownRegions = (
				en,
				Base,
			);
			mainGroup = BC6A76DB289EC9AE00E0AD8D;
			productRefGroup = BC6A76E5289EC9AE00E0AD8D /* Products */;
			projectDirPath = "";
			projectRoot = "";
			targets = (
				BC6A76E3289EC9AE00E0AD8D /* Mock_DepIncjection */,
				BC6A76F9289EC9B100E0AD8D /* Mock_DepIncjectionTests */,
				BC6A7703289EC9B100E0AD8D /* Mock_DepIncjectionUITests */,
			);
		};
/* End PBXProject section */

/* Begin PBXResourcesBuildPhase section */
		BC6A76E2289EC9AE00E0AD8D /* Resources */ = {
			isa = PBXResourcesBuildPhase;
			buildActionMask = 2147483647;
			files = (
				BC6A76F4289EC9B100E0AD8D /* LaunchScreen.storyboard in Resources */,
				BC6A76F1289EC9B100E0AD8D /* Assets.xcassets in Resources */,
				BC6A76EF289EC9AF00E0AD8D /* Main.storyboard in Resources */,
			);
			runOnlyForDeploymentPostprocessing = 0;
		};
		BC6A76F8289EC9B100E0AD8D /* Resources */ = {
			isa = PBXResourcesBuildPhase;
			buildActionMask = 2147483647;
			files = (
			);
			runOnlyForDeploymentPostprocessing = 0;
		};
		BC6A7702289EC9B100E0AD8D /* Resources */ = {
			isa = PBXResourcesBuildPhase;
			buildActionMask = 2147483647;
			files = (
			);
			runOnlyForDeploymentPostprocessing = 0;
		};
/* End PBXResourcesBuildPhase section */

/* Begin PBXSourcesBuildPhase section */
		BC6A76E0289EC9AE00E0AD8D /* Sources */ = {
			isa = PBXSourcesBuildPhase;
			buildActionMask = 2147483647;
			files = (
				BC6A76EC289EC9AF00E0AD8D /* ViewController.swift in Sources */,
				BC6A76E8289EC9AE00E0AD8D /* AppDelegate.swift in Sources */,
				BC6A76EA289EC9AE00E0AD8D /* SceneDelegate.swift in Sources */,
			);
			runOnlyForDeploymentPostprocessing = 0;
		};
		BC6A76F6289EC9B100E0AD8D /* Sources */ = {
			isa = PBXSourcesBuildPhase;
			buildActionMask = 2147483647;
			files = (
				BC6A76FF289EC9B100E0AD8D /* Mock_DepIncjectionTests.swift in Sources */,
			);
			runOnlyForDeploymentPostprocessing = 0;
		};
		BC6A7700289EC9B100E0AD8D /* Sources */ = {
			isa = PBXSourcesBuildPhase;
			buildActionMask = 2147483647;
			files = (
				BC6A770B289EC9B100E0AD8D /* Mock_DepIncjectionUITestsLaunchTests.swift in Sources */,
				BC6A7709289EC9B100E0AD8D /* Mock_DepIncjectionUITests.swift in Sources */,
			);
			runOnlyForDeploymentPostprocessing = 0;
		};
/* End PBXSourcesBuildPhase section */

/* Begin PBXTargetDependency section */
		BC6A76FC289EC9B100E0AD8D /* PBXTargetDependency */ = {
			isa = PBXTargetDependency;
			target = BC6A76E3289EC9AE00E0AD8D /* Mock_DepIncjection */;
			targetProxy = BC6A76FB289EC9B100E0AD8D /* PBXContainerItemProxy */;
		};
		BC6A7706289EC9B100E0AD8D /* PBXTargetDependency */ = {
			isa = PBXTargetDependency;
			target = BC6A76E3289EC9AE00E0AD8D /* Mock_DepIncjection */;
			targetProxy = BC6A7705289EC9B100E0AD8D /* PBXContainerItemProxy */;
		};
/* End PBXTargetDependency section */

/* Begin PBXVariantGroup section */
		BC6A76ED289EC9AF00E0AD8D /* Main.storyboard */ = {
			isa = PBXVariantGroup;
			children = (
				BC6A76EE289EC9AF00E0AD8D /* Base */,
			);
			name = Main.storyboard;
			sourceTree = "<group>";
		};
		BC6A76F2289EC9B100E0AD8D /* LaunchScreen.storyboard */ = {
			isa = PBXVariantGroup;
			children = (
				BC6A76F3289EC9B100E0AD8D /* Base */,
			);
			name = LaunchScreen.storyboard;
			sourceTree = "<group>";
		};
/* End PBXVariantGroup section */

/* Begin XCBuildConfiguration section */
		BC6A770C289EC9B100E0AD8D /* Debug */ = {
			isa = XCBuildConfiguration;
			buildSettings = {
				ALWAYS_SEARCH_USER_PATHS = NO;
				CLANG_ANALYZER_NONNULL = YES;
				CLANG_ANALYZER_NUMBER_OBJECT_CONVERSION = YES_AGGRESSIVE;
				CLANG_CXX_LANGUAGE_STANDARD = "gnu++17";
				CLANG_ENABLE_MODULES = YES;
				CLANG_ENABLE_OBJC_ARC = YES;
				CLANG_ENABLE_OBJC_WEAK = YES;
				CLANG_WARN_BLOCK_CAPTURE_AUTORELEASING = YES;
				CLANG_WARN_BOOL_CONVERSION = YES;
				CLANG_WARN_COMMA = YES;
				CLANG_WARN_CONSTANT_CONVERSION = YES;
				CLANG_WARN_DEPRECATED_OBJC_IMPLEMENTATIONS = YES;
				CLANG_WARN_DIRECT_OBJC_ISA_USAGE = YES_ERROR;
				CLANG_WARN_DOCUMENTATION_COMMENTS = YES;
				CLANG_WARN_EMPTY_BODY = YES;
				CLANG_WARN_ENUM_CONVERSION = YES;
				CLANG_WARN_INFINITE_RECURSION = YES;
				CLANG_WARN_INT_CONVERSION = YES;
				CLANG_WARN_NON_LITERAL_NULL_CONVERSION = YES;
				CLANG_WARN_OBJC_IMPLICIT_RETAIN_SELF = YES;
				CLANG_WARN_OBJC_LITERAL_CONVERSION = YES;
				CLANG_WARN_OBJC_ROOT_CLASS = YES_ERROR;
				CLANG_WARN_QUOTED_INCLUDE_IN_FRAMEWORK_HEADER = YES;
				CLANG_WARN_RANGE_LOOP_ANALYSIS = YES;
				CLANG_WARN_STRICT_PROTOTYPES = YES;
				CLANG_WARN_SUSPICIOUS_MOVE = YES;
				CLANG_WARN_UNGUARDED_AVAILABILITY = YES_AGGRESSIVE;
				CLANG_WARN_UNREACHABLE_CODE = YES;
				CLANG_WARN__DUPLICATE_METHOD_MATCH = YES;
				COPY_PHASE_STRIP = NO;
				DEBUG_INFORMATION_FORMAT = dwarf;
				ENABLE_STRICT_OBJC_MSGSEND = YES;
				ENABLE_TESTABILITY = YES;
				GCC_C_LANGUAGE_STANDARD = gnu11;
				GCC_DYNAMIC_NO_PIC = NO;
				GCC_NO_COMMON_BLOCKS = YES;
				GCC_OPTIMIZATION_LEVEL = 0;
				GCC_PREPROCESSOR_DEFINITIONS = (
					"DEBUG=1",
					"$(inherited)",
				);
				GCC_WARN_64_TO_32_BIT_CONVERSION = YES;
				GCC_WARN_ABOUT_RETURN_TYPE = YES_ERROR;
				GCC_WARN_UNDECLARED_SELECTOR = YES;
				GCC_WARN_UNINITIALIZED_AUTOS = YES_AGGRESSIVE;
				GCC_WARN_UNUSED_FUNCTION = YES;
				GCC_WARN_UNUSED_VARIABLE = YES;
				IPHONEOS_DEPLOYMENT_TARGET = 15.5;
				MTL_ENABLE_DEBUG_INFO = INCLUDE_SOURCE;
				MTL_FAST_MATH = YES;
				ONLY_ACTIVE_ARCH = YES;
				SDKROOT = iphoneos;
				SWIFT_ACTIVE_COMPILATION_CONDITIONS = DEBUG;
				SWIFT_OPTIMIZATION_LEVEL = "-Onone";
			};
			name = Debug;
		};
		BC6A770D289EC9B100E0AD8D /* Release */ = {
			isa = XCBuildConfiguration;
			buildSettings = {
				ALWAYS_SEARCH_USER_PATHS = NO;
				CLANG_ANALYZER_NONNULL = YES;
				CLANG_ANALYZER_NUMBER_OBJECT_CONVERSION = YES_AGGRESSIVE;
				CLANG_CXX_LANGUAGE_STANDARD = "gnu++17";
				CLANG_ENABLE_MODULES = YES;
				CLANG_ENABLE_OBJC_ARC = YES;
				CLANG_ENABLE_OBJC_WEAK = YES;
				CLANG_WARN_BLOCK_CAPTURE_AUTORELEASING = YES;
				CLANG_WARN_BOOL_CONVERSION = YES;
				CLANG_WARN_COMMA = YES;
				CLANG_WARN_CONSTANT_CONVERSION = YES;
				CLANG_WARN_DEPRECATED_OBJC_IMPLEMENTATIONS = YES;
				CLANG_WARN_DIRECT_OBJC_ISA_USAGE = YES_ERROR;
				CLANG_WARN_DOCUMENTATION_COMMENTS = YES;
				CLANG_WARN_EMPTY_BODY = YES;
				CLANG_WARN_ENUM_CONVERSION = YES;
				CLANG_WARN_INFINITE_RECURSION = YES;
				CLANG_WARN_INT_CONVERSION = YES;
				CLANG_WARN_NON_LITERAL_NULL_CONVERSION = YES;
				CLANG_WARN_OBJC_IMPLICIT_RETAIN_SELF = YES;
				CLANG_WARN_OBJC_LITERAL_CONVERSION = YES;
				CLANG_WARN_OBJC_ROOT_CLASS = YES_ERROR;
				CLANG_WARN_QUOTED_INCLUDE_IN_FRAMEWORK_HEADER = YES;
				CLANG_WARN_RANGE_LOOP_ANALYSIS = YES;
				CLANG_WARN_STRICT_PROTOTYPES = YES;
				CLANG_WARN_SUSPICIOUS_MOVE = YES;
				CLANG_WARN_UNGUARDED_AVAILABILITY = YES_AGGRESSIVE;
				CLANG_WARN_UNREACHABLE_CODE = YES;
				CLANG_WARN__DUPLICATE_METHOD_MATCH = YES;
				COPY_PHASE_STRIP = NO;
				DEBUG_INFORMATION_FORMAT = "dwarf-with-dsym";
				ENABLE_NS_ASSERTIONS = NO;
				ENABLE_STRICT_OBJC_MSGSEND = YES;
				GCC_C_LANGUAGE_STANDARD = gnu11;
				GCC_NO_COMMON_BLOCKS = YES;
				GCC_WARN_64_TO_32_BIT_CONVERSION = YES;
				GCC_WARN_ABOUT_RETURN_TYPE = YES_ERROR;
				GCC_WARN_UNDECLARED_SELECTOR = YES;
				GCC_WARN_UNINITIALIZED_AUTOS = YES_AGGRESSIVE;
				GCC_WARN_UNUSED_FUNCTION = YES;
				GCC_WARN_UNUSED_VARIABLE = YES;
				IPHONEOS_DEPLOYMENT_TARGET = 15.5;
				MTL_ENABLE_DEBUG_INFO = NO;
				MTL_FAST_MATH = YES;
				SDKROOT = iphoneos;
				SWIFT_COMPILATION_MODE = wholemodule;
				SWIFT_OPTIMIZATION_LEVEL = "-O";
				VALIDATE_PRODUCT = YES;
			};
			name = Release;
		};
		BC6A770F289EC9B100E0AD8D /* Debug */ = {
			isa = XCBuildConfiguration;
			buildSettings = {
				ASSETCATALOG_COMPILER_APPICON_NAME = AppIcon;
				ASSETCATALOG_COMPILER_GLOBAL_ACCENT_COLOR_NAME = AccentColor;
				CODE_SIGN_STYLE = Automatic;
				CURRENT_PROJECT_VERSION = 1;
				DEVELOPMENT_TEAM = K33FXWL25N;
				GENERATE_INFOPLIST_FILE = YES;
				INFOPLIST_FILE = Mock_DepIncjection/Info.plist;
				INFOPLIST_KEY_UIApplicationSupportsIndirectInputEvents = YES;
				INFOPLIST_KEY_UILaunchStoryboardName = LaunchScreen;
				INFOPLIST_KEY_UIMainStoryboardFile = Main;
				INFOPLIST_KEY_UISupportedInterfaceOrientations_iPad = "UIInterfaceOrientationPortrait UIInterfaceOrientationPortraitUpsideDown UIInterfaceOrientationLandscapeLeft UIInterfaceOrientationLandscapeRight";
				INFOPLIST_KEY_UISupportedInterfaceOrientations_iPhone = "UIInterfaceOrientationPortrait UIInterfaceOrientationLandscapeLeft UIInterfaceOrientationLandscapeRight";
				LD_RUNPATH_SEARCH_PATHS = (
					"$(inherited)",
					"@executable_path/Frameworks",
				);
				MARKETING_VERSION = 1.0;
				PRODUCT_BUNDLE_IDENTIFIER = "com.anatolii.ostapenko.Mock-DepIncjection";
				PRODUCT_NAME = "$(TARGET_NAME)";
				SWIFT_EMIT_LOC_STRINGS = YES;
				SWIFT_VERSION = 5.0;
				TARGETED_DEVICE_FAMILY = "1,2";
			};
			name = Debug;
		};
		BC6A7710289EC9B100E0AD8D /* Release */ = {
			isa = XCBuildConfiguration;
			buildSettings = {
				ASSETCATALOG_COMPILER_APPICON_NAME = AppIcon;
				ASSETCATALOG_COMPILER_GLOBAL_ACCENT_COLOR_NAME = AccentColor;
				CODE_SIGN_STYLE = Automatic;
				CURRENT_PROJECT_VERSION = 1;
				DEVELOPMENT_TEAM = K33FXWL25N;
				GENERATE_INFOPLIST_FILE = YES;
				INFOPLIST_FILE = Mock_DepIncjection/Info.plist;
				INFOPLIST_KEY_UIApplicationSupportsIndirectInputEvents = YES;
				INFOPLIST_KEY_UILaunchStoryboardName = LaunchScreen;
				INFOPLIST_KEY_UIMainStoryboardFile = Main;
				INFOPLIST_KEY_UISupportedInterfaceOrientations_iPad = "UIInterfaceOrientationPortrait UIInterfaceOrientationPortraitUpsideDown UIInterfaceOrientationLandscapeLeft UIInterfaceOrientationLandscapeRight";
				INFOPLIST_KEY_UISupportedInterfaceOrientations_iPhone = "UIInterfaceOrientationPortrait UIInterfaceOrientationLandscapeLeft UIInterfaceOrientationLandscapeRight";
				LD_RUNPATH_SEARCH_PATHS = (
					"$(inherited)",
					"@executable_path/Frameworks",
				);
				MARKETING_VERSION = 1.0;
				PRODUCT_BUNDLE_IDENTIFIER = "com.anatolii.ostapenko.Mock-DepIncjection";
				PRODUCT_NAME = "$(TARGET_NAME)";
				SWIFT_EMIT_LOC_STRINGS = YES;
				SWIFT_VERSION = 5.0;
				TARGETED_DEVICE_FAMILY = "1,2";
			};
			name = Release;
		};
		BC6A7712289EC9B100E0AD8D /* Debug */ = {
			isa = XCBuildConfiguration;
			buildSettings = {
				ALWAYS_EMBED_SWIFT_STANDARD_LIBRARIES = YES;
				BUNDLE_LOADER = "$(TEST_HOST)";
				CODE_SIGN_STYLE = Automatic;
				CURRENT_PROJECT_VERSION = 1;
				DEVELOPMENT_TEAM = K33FXWL25N;
				GENERATE_INFOPLIST_FILE = YES;
				IPHONEOS_DEPLOYMENT_TARGET = 15.5;
				MARKETING_VERSION = 1.0;
				PRODUCT_BUNDLE_IDENTIFIER = "com.anatolii.ostapenko.Mock-DepIncjectionTests";
				PRODUCT_NAME = "$(TARGET_NAME)";
				SWIFT_EMIT_LOC_STRINGS = NO;
				SWIFT_VERSION = 5.0;
				TARGETED_DEVICE_FAMILY = "1,2";
				TEST_HOST = "$(BUILT_PRODUCTS_DIR)/Mock_DepIncjection.app/Mock_DepIncjection";
			};
			name = Debug;
		};
		BC6A7713289EC9B100E0AD8D /* Release */ = {
			isa = XCBuildConfiguration;
			buildSettings = {
				ALWAYS_EMBED_SWIFT_STANDARD_LIBRARIES = YES;
				BUNDLE_LOADER = "$(TEST_HOST)";
				CODE_SIGN_STYLE = Automatic;
				CURRENT_PROJECT_VERSION = 1;
				DEVELOPMENT_TEAM = K33FXWL25N;
				GENERATE_INFOPLIST_FILE = YES;
				IPHONEOS_DEPLOYMENT_TARGET = 15.5;
				MARKETING_VERSION = 1.0;
				PRODUCT_BUNDLE_IDENTIFIER = "com.anatolii.ostapenko.Mock-DepIncjectionTests";
				PRODUCT_NAME = "$(TARGET_NAME)";
				SWIFT_EMIT_LOC_STRINGS = NO;
				SWIFT_VERSION = 5.0;
				TARGETED_DEVICE_FAMILY = "1,2";
				TEST_HOST = "$(BUILT_PRODUCTS_DIR)/Mock_DepIncjection.app/Mock_DepIncjection";
			};
			name = Release;
		};
		BC6A7715289EC9B100E0AD8D /* Debug */ = {
			isa = XCBuildConfiguration;
			buildSettings = {
				ALWAYS_EMBED_SWIFT_STANDARD_LIBRARIES = YES;
				CODE_SIGN_STYLE = Automatic;
				CURRENT_PROJECT_VERSION = 1;
				DEVELOPMENT_TEAM = K33FXWL25N;
				GENERATE_INFOPLIST_FILE = YES;
				MARKETING_VERSION = 1.0;
				PRODUCT_BUNDLE_IDENTIFIER = "com.anatolii.ostapenko.Mock-DepIncjectionUITests";
				PRODUCT_NAME = "$(TARGET_NAME)";
				SWIFT_EMIT_LOC_STRINGS = NO;
				SWIFT_VERSION = 5.0;
				TARGETED_DEVICE_FAMILY = "1,2";
				TEST_TARGET_NAME = Mock_DepIncjection;
			};
			name = Debug;
		};
		BC6A7716289EC9B100E0AD8D /* Release */ = {
			isa = XCBuildConfiguration;
			buildSettings = {
				ALWAYS_EMBED_SWIFT_STANDARD_LIBRARIES = YES;
				CODE_SIGN_STYLE = Automatic;
				CURRENT_PROJECT_VERSION = 1;
				DEVELOPMENT_TEAM = K33FXWL25N;
				GENERATE_INFOPLIST_FILE = YES;
				MARKETING_VERSION = 1.0;
				PRODUCT_BUNDLE_IDENTIFIER = "com.anatolii.ostapenko.Mock-DepIncjectionUITests";
				PRODUCT_NAME = "$(TARGET_NAME)";
				SWIFT_EMIT_LOC_STRINGS = NO;
				SWIFT_VERSION = 5.0;
				TARGETED_DEVICE_FAMILY = "1,2";
				TEST_TARGET_NAME = Mock_DepIncjection;
			};
			name = Release;
		};
/* End XCBuildConfiguration section */

/* Begin XCConfigurationList section */
		BC6A76DF289EC9AE00E0AD8D /* Build configuration list for PBXProject "Mock_DepIncjection" */ = {
			isa = XCConfigurationList;
			buildConfigurations = (
				BC6A770C289EC9B100E0AD8D /* Debug */,
				BC6A770D289EC9B100E0AD8D /* Release */,
			);
			defaultConfigurationIsVisible = 0;
			defaultConfigurationName = Release;
		};
		BC6A770E289EC9B100E0AD8D /* Build configuration list for PBXNativeTarget "Mock_DepIncjection" */ = {
			isa = XCConfigurationList;
			buildConfigurations = (
				BC6A770F289EC9B100E0AD8D /* Debug */,
				BC6A7710289EC9B100E0AD8D /* Release */,
			);
			defaultConfigurationIsVisible = 0;
			defaultConfigurationName = Release;
		};
		BC6A7711289EC9B100E0AD8D /* Build configuration list for PBXNativeTarget "Mock_DepIncjectionTests" */ = {
			isa = XCConfigurationList;
			buildConfigurations = (
				BC6A7712289EC9B100E0AD8D /* Debug */,
				BC6A7713289EC9B100E0AD8D /* Release */,
			);
			defaultConfigurationIsVisible = 0;
			defaultConfigurationName = Release;
		};
		BC6A7714289EC9B100E0AD8D /* Build configuration list for PBXNativeTarget "Mock_DepIncjectionUITests" */ = {
			isa = XCConfigurationList;
			buildConfigurations = (
				BC6A7715289EC9B100E0AD8D /* Debug */,
				BC6A7716289EC9B100E0AD8D /* Release */,
			);
			defaultConfigurationIsVisible = 0;
			defaultConfigurationName = Release;
		};
/* End XCConfigurationList section */
	};
	rootObject = BC6A76DC289EC9AE00E0AD8D /* Project object */;
}
